
Microsoft Visual Studio Solution File, Format Version 12.00
# Visual Studio Version 17
VisualStudioVersion = 17.6.33723.286
MinimumVisualStudioVersion = 10.0.40219.1
Project("{FAE04EC0-301F-11D3-BF4B-00C04F79EFBC}") = "PIC18-RGB-Driver", "PIC18-RGB-Driver\PIC18-RGB-Driver.csproj", "{0625B4BA-84A6-406E-BCEE-A2E20E3277EC}"
EndProject
Global
	GlobalSection(SolutionConfigurationPlatforms) = preSolution
		Debug|Any CPU = Debug|Any CPU
		Debug|x64 = Debug|x64
		Release|Any CPU = Release|Any CPU
		Release|x64 = Release|x64
	EndGlobalSection
	GlobalSection(ProjectConfigurationPlatforms) = postSolution
		{0625B4BA-84A6-406E-BCEE-A2E20E3277EC}.Debug|Any CPU.ActiveCfg = Debug|Any CPU
		{0625B4BA-84A6-406E-BCEE-A2E20E3277EC}.Debug|Any CPU.Build.0 = Debug|Any CPU
		{0625B4BA-84A6-406E-BCEE-A2E20E3277EC}.Debug|x64.ActiveCfg = Debug|x64
		{0625B4BA-84A6-406E-BCEE-A2E20E3277EC}.Debug|x64.Build.0 = Debug|x64
		{0625B4BA-84A6-406E-BCEE-A2E20E3277EC}.Release|Any CPU.ActiveCfg = Release|Any CPU
		{0625B4BA-84A6-406E-BCEE-A2E20E3277EC}.Release|Any CPU.Build.0 = Release|Any CPU
		{0625B4BA-84A6-406E-BCEE-A2E20E3277EC}.Release|x64.ActiveCfg = Release|x64
		{0625B4BA-84A6-406E-BCEE-A2E20E3277EC}.Release|x64.Build.0 = Release|x64
	EndGlobalSection
	GlobalSection(SolutionProperties) = preSolution
		HideSolutionNode = FALSE
	EndGlobalSection
	GlobalSection(ExtensibilityGlobals) = postSolution
		SolutionGuid = {CE14632D-79AE-4CEE-823D-DD0CF449254B}
	EndGlobalSection
EndGlobal
